
Microsoft Visual Studio Solution File, Format Version 12.00
# Visual Studio Version 16
VisualStudioVersion = 16.0.32630.194
MinimumVisualStudioVersion = 10.0.40219.1
Project("{FAE04EC0-301F-11D3-BF4B-00C04F79EFBC}") = "Out_Parameter", "Out_Parameter\Out_Parameter.csproj", "{AECB073D-8932-4AC7-96C1-8B6762AEFEFC}"
EndProject
Global
	GlobalSection(SolutionConfigurationPlatforms) = preSolution
		Debug|Any CPU = Debug|Any CPU
		Release|Any CPU = Release|Any CPU
	EndGlobalSection
	GlobalSection(ProjectConfigurationPlatforms) = postSolution
		{AECB073D-8932-4AC7-96C1-8B6762AEFEFC}.Debug|Any CPU.ActiveCfg = Debug|Any CPU
		{AECB073D-8932-4AC7-96C1-8B6762AEFEFC}.Debug|Any CPU.Build.0 = Debug|Any CPU
		{AECB073D-8932-4AC7-96C1-8B6762AEFEFC}.Release|Any CPU.ActiveCfg = Release|Any CPU
		{AECB073D-8932-4AC7-96C1-8B6762AEFEFC}.Release|Any CPU.Build.0 = Release|Any CPU
	EndGlobalSection
	GlobalSection(SolutionProperties) = preSolution
		HideSolutionNode = FALSE
	EndGlobalSection
	GlobalSection(ExtensibilityGlobals) = postSolution
		SolutionGuid = {E5B6D4CC-5F03-44E9-885F-8EC84C415392}
	EndGlobalSection
EndGlobal
